// !$*UTF8*$!
{
	archiveVersion = 1;
	classes = {
	};
	objectVersion = 50;
	objects = {

/* Begin PBXBuildFile section */
		9506CF1322AD66EB004DAFF5 /* AppDelegate.swift in Sources */ = {isa = PBXBuildFile; fileRef = 9506CF1222AD66EB004DAFF5 /* AppDelegate.swift */; };
		9506CF1522AD66EB004DAFF5 /* DiscoverVC.swift in Sources */ = {isa = PBXBuildFile; fileRef = 9506CF1422AD66EB004DAFF5 /* DiscoverVC.swift */; };
		9506CF1822AD66EB004DAFF5 /* Main.storyboard in Resources */ = {isa = PBXBuildFile; fileRef = 9506CF1622AD66EB004DAFF5 /* Main.storyboard */; };
		9506CF1B22AD66EB004DAFF5 /* MovieTime.xcdatamodeld in Sources */ = {isa = PBXBuildFile; fileRef = 9506CF1922AD66EB004DAFF5 /* MovieTime.xcdatamodeld */; };
		9506CF2022AD66EC004DAFF5 /* LaunchScreen.storyboard in Resources */ = {isa = PBXBuildFile; fileRef = 9506CF1E22AD66EC004DAFF5 /* LaunchScreen.storyboard */; };
		9506CF2D22AD67BB004DAFF5 /* MovieCollectionViewCell.swift in Sources */ = {isa = PBXBuildFile; fileRef = 9506CF2C22AD67BB004DAFF5 /* MovieCollectionViewCell.swift */; };
		9506CF2F22AD69DF004DAFF5 /* MovieTimeColors.swift in Sources */ = {isa = PBXBuildFile; fileRef = 9506CF2E22AD69DF004DAFF5 /* MovieTimeColors.swift */; };
		9506CF3122AD7635004DAFF5 /* Extension.swift in Sources */ = {isa = PBXBuildFile; fileRef = 9506CF3022AD7635004DAFF5 /* Extension.swift */; };
		951B449622AFE09D00E6BAE7 /* WatchList.swift in Sources */ = {isa = PBXBuildFile; fileRef = 951B449522AFE09D00E6BAE7 /* WatchList.swift */; };
		951B449A22B00CCE00E6BAE7 /* FavoriteList.swift in Sources */ = {isa = PBXBuildFile; fileRef = 951B449922B00CCE00E6BAE7 /* FavoriteList.swift */; };
		951B449C22B016A700E6BAE7 /* SearchMoviesVC.swift in Sources */ = {isa = PBXBuildFile; fileRef = 951B449B22B016A700E6BAE7 /* SearchMoviesVC.swift */; };
		951BB22922AFB40B0042CABA /* HelperClass.swift in Sources */ = {isa = PBXBuildFile; fileRef = 951BB22822AFB40B0042CABA /* HelperClass.swift */; };
		951BB22B22AFB6540042CABA /* DummyData.swift in Sources */ = {isa = PBXBuildFile; fileRef = 951BB22A22AFB6540042CABA /* DummyData.swift */; };
		951BB22D22AFB7A60042CABA /* StaticDataHelper.swift in Sources */ = {isa = PBXBuildFile; fileRef = 951BB22C22AFB7A60042CABA /* StaticDataHelper.swift */; };
		951D54FA22B10CBD00BADFE4 /* MovieTableCell.swift in Sources */ = {isa = PBXBuildFile; fileRef = 951D54F922B10CBD00BADFE4 /* MovieTableCell.swift */; };
		952973A422BCED3900B9148A /* webserviceManager.swift in Sources */ = {isa = PBXBuildFile; fileRef = 952973A322BCED3900B9148A /* webserviceManager.swift */; };
		952973A622BCEE9600B9148A /* appConfig.plist in Resources */ = {isa = PBXBuildFile; fileRef = 952973A522BCEE9600B9148A /* appConfig.plist */; };
		952973A822BCEF6100B9148A /* GeneralValues.swift in Sources */ = {isa = PBXBuildFile; fileRef = 952973A722BCEF6100B9148A /* GeneralValues.swift */; };
		954D8E2D22B6502600348CB2 /* MovieDetailsVC.swift in Sources */ = {isa = PBXBuildFile; fileRef = 954D8E2C22B6502600348CB2 /* MovieDetailsVC.swift */; };
		954D8E2F22B6531800348CB2 /* MovieDetailsCell.swift in Sources */ = {isa = PBXBuildFile; fileRef = 954D8E2E22B6531800348CB2 /* MovieDetailsCell.swift */; };
		9560C44122B396B400A8F65B /* UserPreferences.swift in Sources */ = {isa = PBXBuildFile; fileRef = 9560C44022B396B400A8F65B /* UserPreferences.swift */; };
		9560C44422B3AC9A00A8F65B /* DiscoverMoreVC.swift in Sources */ = {isa = PBXBuildFile; fileRef = 9560C44322B3AC9A00A8F65B /* DiscoverMoreVC.swift */; };
		9560C44622B4E51B00A8F65B /* Assets.xcassets in Resources */ = {isa = PBXBuildFile; fileRef = 9560C44522B4E51B00A8F65B /* Assets.xcassets */; };
		95CAC18922BCEB55009C27A9 /* MovieEntity.swift in Sources */ = {isa = PBXBuildFile; fileRef = 95CAC18822BCEB55009C27A9 /* MovieEntity.swift */; };
		95CAC18B22BCEBF4009C27A9 /* MoviesEntity.swift in Sources */ = {isa = PBXBuildFile; fileRef = 95CAC18A22BCEBF4009C27A9 /* MoviesEntity.swift */; };
		95FEA22322B9339500D81102 /* SavedMovieCell.swift in Sources */ = {isa = PBXBuildFile; fileRef = 95FEA22222B9339500D81102 /* SavedMovieCell.swift */; };
		95FEA22522B933DE00D81102 /* Protocols.swift in Sources */ = {isa = PBXBuildFile; fileRef = 95FEA22422B933DE00D81102 /* Protocols.swift */; };
		95FEA22722B934FC00D81102 /* WatchListVC.swift in Sources */ = {isa = PBXBuildFile; fileRef = 95FEA22622B934FC00D81102 /* WatchListVC.swift */; };
		95FEA22922B9351400D81102 /* FavoriteListVC.swift in Sources */ = {isa = PBXBuildFile; fileRef = 95FEA22822B9351400D81102 /* FavoriteListVC.swift */; };
		A9DCDBAFCB1257705ADC6CE0 /* Pods_MovieTime.framework in Frameworks */ = {isa = PBXBuildFile; fileRef = AF4D4BB50D288EFBAF2B6551 /* Pods_MovieTime.framework */; };
/* End PBXBuildFile section */

/* Begin PBXFileReference section */
		9506CF0F22AD66EB004DAFF5 /* MovieTime.app */ = {isa = PBXFileReference; explicitFileType = wrapper.application; includeInIndex = 0; path = MovieTime.app; sourceTree = BUILT_PRODUCTS_DIR; };
		9506CF1222AD66EB004DAFF5 /* AppDelegate.swift */ = {isa = PBXFileReference; lastKnownFileType = sourcecode.swift; path = AppDelegate.swift; sourceTree = "<group>"; };
		9506CF1422AD66EB004DAFF5 /* DiscoverVC.swift */ = {isa = PBXFileReference; lastKnownFileType = sourcecode.swift; path = DiscoverVC.swift; sourceTree = "<group>"; };
		9506CF1722AD66EB004DAFF5 /* Base */ = {isa = PBXFileReference; lastKnownFileType = file.storyboard; name = Base; path = Base.lproj/Main.storyboard; sourceTree = "<group>"; };
		9506CF1A22AD66EB004DAFF5 /* MovieTime.xcdatamodel */ = {isa = PBXFileReference; lastKnownFileType = wrapper.xcdatamodel; path = MovieTime.xcdatamodel; sourceTree = "<group>"; };
		9506CF1F22AD66EC004DAFF5 /* Base */ = {isa = PBXFileReference; lastKnownFileType = file.storyboard; name = Base; path = Base.lproj/LaunchScreen.storyboard; sourceTree = "<group>"; };
		9506CF2122AD66EC004DAFF5 /* Info.plist */ = {isa = PBXFileReference; lastKnownFileType = text.plist.xml; path = Info.plist; sourceTree = "<group>"; };
		9506CF2C22AD67BB004DAFF5 /* MovieCollectionViewCell.swift */ = {isa = PBXFileReference; lastKnownFileType = sourcecode.swift; path = MovieCollectionViewCell.swift; sourceTree = "<group>"; };
		9506CF2E22AD69DF004DAFF5 /* MovieTimeColors.swift */ = {isa = PBXFileReference; lastKnownFileType = sourcecode.swift; path = MovieTimeColors.swift; sourceTree = "<group>"; };
		9506CF3022AD7635004DAFF5 /* Extension.swift */ = {isa = PBXFileReference; lastKnownFileType = sourcecode.swift; path = Extension.swift; sourceTree = "<group>"; };
		951B449522AFE09D00E6BAE7 /* WatchList.swift */ = {isa = PBXFileReference; lastKnownFileType = sourcecode.swift; path = WatchList.swift; sourceTree = "<group>"; };
		951B449922B00CCE00E6BAE7 /* FavoriteList.swift */ = {isa = PBXFileReference; lastKnownFileType = sourcecode.swift; path = FavoriteList.swift; sourceTree = "<group>"; };
		951B449B22B016A700E6BAE7 /* SearchMoviesVC.swift */ = {isa = PBXFileReference; lastKnownFileType = sourcecode.swift; path = SearchMoviesVC.swift; sourceTree = "<group>"; };
		951BB22822AFB40B0042CABA /* HelperClass.swift */ = {isa = PBXFileReference; lastKnownFileType = sourcecode.swift; path = HelperClass.swift; sourceTree = "<group>"; };
		951BB22A22AFB6540042CABA /* DummyData.swift */ = {isa = PBXFileReference; lastKnownFileType = sourcecode.swift; path = DummyData.swift; sourceTree = "<group>"; };
		951BB22C22AFB7A60042CABA /* StaticDataHelper.swift */ = {isa = PBXFileReference; lastKnownFileType = sourcecode.swift; path = StaticDataHelper.swift; sourceTree = "<group>"; };
		951D54F922B10CBD00BADFE4 /* MovieTableCell.swift */ = {isa = PBXFileReference; lastKnownFileType = sourcecode.swift; path = MovieTableCell.swift; sourceTree = "<group>"; };
		952973A322BCED3900B9148A /* webserviceManager.swift */ = {isa = PBXFileReference; lastKnownFileType = sourcecode.swift; path = webserviceManager.swift; sourceTree = "<group>"; };
		952973A522BCEE9600B9148A /* appConfig.plist */ = {isa = PBXFileReference; lastKnownFileType = text.plist.xml; path = appConfig.plist; sourceTree = "<group>"; };
		952973A722BCEF6100B9148A /* GeneralValues.swift */ = {isa = PBXFileReference; lastKnownFileType = sourcecode.swift; path = GeneralValues.swift; sourceTree = "<group>"; };
		954D8E2C22B6502600348CB2 /* MovieDetailsVC.swift */ = {isa = PBXFileReference; lastKnownFileType = sourcecode.swift; path = MovieDetailsVC.swift; sourceTree = "<group>"; };
		954D8E2E22B6531800348CB2 /* MovieDetailsCell.swift */ = {isa = PBXFileReference; lastKnownFileType = sourcecode.swift; path = MovieDetailsCell.swift; sourceTree = "<group>"; };
		9560C44022B396B400A8F65B /* UserPreferences.swift */ = {isa = PBXFileReference; lastKnownFileType = sourcecode.swift; path = UserPreferences.swift; sourceTree = "<group>"; };
		9560C44322B3AC9A00A8F65B /* DiscoverMoreVC.swift */ = {isa = PBXFileReference; lastKnownFileType = sourcecode.swift; path = DiscoverMoreVC.swift; sourceTree = "<group>"; };
		9560C44522B4E51B00A8F65B /* Assets.xcassets */ = {isa = PBXFileReference; lastKnownFileType = folder.assetcatalog; path = Assets.xcassets; sourceTree = "<group>"; };
		95CAC18822BCEB55009C27A9 /* MovieEntity.swift */ = {isa = PBXFileReference; lastKnownFileType = sourcecode.swift; path = MovieEntity.swift; sourceTree = "<group>"; };
		95CAC18A22BCEBF4009C27A9 /* MoviesEntity.swift */ = {isa = PBXFileReference; lastKnownFileType = sourcecode.swift; path = MoviesEntity.swift; sourceTree = "<group>"; };
		95FEA22222B9339500D81102 /* SavedMovieCell.swift */ = {isa = PBXFileReference; lastKnownFileType = sourcecode.swift; path = SavedMovieCell.swift; sourceTree = "<group>"; };
		95FEA22422B933DE00D81102 /* Protocols.swift */ = {isa = PBXFileReference; lastKnownFileType = sourcecode.swift; path = Protocols.swift; sourceTree = "<group>"; };
		95FEA22622B934FC00D81102 /* WatchListVC.swift */ = {isa = PBXFileReference; lastKnownFileType = sourcecode.swift; path = WatchListVC.swift; sourceTree = "<group>"; };
		95FEA22822B9351400D81102 /* FavoriteListVC.swift */ = {isa = PBXFileReference; lastKnownFileType = sourcecode.swift; path = FavoriteListVC.swift; sourceTree = "<group>"; };
		AF4D4BB50D288EFBAF2B6551 /* Pods_MovieTime.framework */ = {isa = PBXFileReference; explicitFileType = wrapper.framework; includeInIndex = 0; path = Pods_MovieTime.framework; sourceTree = BUILT_PRODUCTS_DIR; };
		F7399BBB81F1A3030E41C697 /* Pods-MovieTime.release.xcconfig */ = {isa = PBXFileReference; includeInIndex = 1; lastKnownFileType = text.xcconfig; name = "Pods-MovieTime.release.xcconfig"; path = "Pods/Target Support Files/Pods-MovieTime/Pods-MovieTime.release.xcconfig"; sourceTree = "<group>"; };
		FA618096A0AFD002D64D6F07 /* Pods-MovieTime.debug.xcconfig */ = {isa = PBXFileReference; includeInIndex = 1; lastKnownFileType = text.xcconfig; name = "Pods-MovieTime.debug.xcconfig"; path = "Pods/Target Support Files/Pods-MovieTime/Pods-MovieTime.debug.xcconfig"; sourceTree = "<group>"; };
/* End PBXFileReference section */

/* Begin PBXFrameworksBuildPhase section */
		9506CF0C22AD66EB004DAFF5 /* Frameworks */ = {
			isa = PBXFrameworksBuildPhase;
			buildActionMask = 2147483647;
			files = (
				A9DCDBAFCB1257705ADC6CE0 /* Pods_MovieTime.framework in Frameworks */,
			);
			runOnlyForDeploymentPostprocessing = 0;
		};
/* End PBXFrameworksBuildPhase section */

/* Begin PBXGroup section */
		50C9500A05369CEF292556E2 /* Pods */ = {
			isa = PBXGroup;
			children = (
				FA618096A0AFD002D64D6F07 /* Pods-MovieTime.debug.xcconfig */,
				F7399BBB81F1A3030E41C697 /* Pods-MovieTime.release.xcconfig */,
			);
			name = Pods;
			sourceTree = "<group>";
		};
		9506CF0622AD66EB004DAFF5 = {
			isa = PBXGroup;
			children = (
				9506CF1122AD66EB004DAFF5 /* MovieTime */,
				9506CF1022AD66EB004DAFF5 /* Products */,
				50C9500A05369CEF292556E2 /* Pods */,
				A949B96A6CEDDB0C681EA68B /* Frameworks */,
			);
			sourceTree = "<group>";
		};
		9506CF1022AD66EB004DAFF5 /* Products */ = {
			isa = PBXGroup;
			children = (
				9506CF0F22AD66EB004DAFF5 /* MovieTime.app */,
			);
			name = Products;
			sourceTree = "<group>";
		};
		9506CF1122AD66EB004DAFF5 /* MovieTime */ = {
			isa = PBXGroup;
			children = (
				9506CF1222AD66EB004DAFF5 /* AppDelegate.swift */,
				9506CF2122AD66EC004DAFF5 /* Info.plist */,
				952973A522BCEE9600B9148A /* appConfig.plist */,
				9506CF2722AD6740004DAFF5 /* Models */,
				9506CF2822AD674E004DAFF5 /* Views */,
				9506CF2922AD675B004DAFF5 /* Controllers */,
				9506CF2A22AD6769004DAFF5 /* Network */,
				9506CF2B22AD6773004DAFF5 /* Support Files */,
			);
			path = MovieTime;
			sourceTree = "<group>";
		};
		9506CF2722AD6740004DAFF5 /* Models */ = {
			isa = PBXGroup;
			children = (
				9506CF1922AD66EB004DAFF5 /* MovieTime.xcdatamodeld */,
				951BB22A22AFB6540042CABA /* DummyData.swift */,
				951B449522AFE09D00E6BAE7 /* WatchList.swift */,
				95CAC18822BCEB55009C27A9 /* MovieEntity.swift */,
				951B449922B00CCE00E6BAE7 /* FavoriteList.swift */,
				95CAC18A22BCEBF4009C27A9 /* MoviesEntity.swift */,
			);
			path = Models;
			sourceTree = "<group>";
		};
		9506CF2822AD674E004DAFF5 /* Views */ = {
			isa = PBXGroup;
			children = (
				9506CF1622AD66EB004DAFF5 /* Main.storyboard */,
				9506CF1E22AD66EC004DAFF5 /* LaunchScreen.storyboard */,
				9560C44522B4E51B00A8F65B /* Assets.xcassets */,
				9560C44222B397A900A8F65B /* Cells */,
			);
			path = Views;
			sourceTree = "<group>";
		};
		9506CF2922AD675B004DAFF5 /* Controllers */ = {
			isa = PBXGroup;
			children = (
				9506CF1422AD66EB004DAFF5 /* DiscoverVC.swift */,
				951B449B22B016A700E6BAE7 /* SearchMoviesVC.swift */,
				9560C44322B3AC9A00A8F65B /* DiscoverMoreVC.swift */,
				954D8E2C22B6502600348CB2 /* MovieDetailsVC.swift */,
				95FEA22622B934FC00D81102 /* WatchListVC.swift */,
				95FEA22822B9351400D81102 /* FavoriteListVC.swift */,
			);
			path = Controllers;
			sourceTree = "<group>";
		};
		9506CF2A22AD6769004DAFF5 /* Network */ = {
			isa = PBXGroup;
			children = (
				952973A322BCED3900B9148A /* webserviceManager.swift */,
			);
			path = Network;
			sourceTree = "<group>";
		};
		9506CF2B22AD6773004DAFF5 /* Support Files */ = {
			isa = PBXGroup;
			children = (
				9560C44022B396B400A8F65B /* UserPreferences.swift */,
				951BB22822AFB40B0042CABA /* HelperClass.swift */,
				9506CF2E22AD69DF004DAFF5 /* MovieTimeColors.swift */,
				9506CF3022AD7635004DAFF5 /* Extension.swift */,
				951BB22C22AFB7A60042CABA /* StaticDataHelper.swift */,
				95FEA22422B933DE00D81102 /* Protocols.swift */,
				952973A722BCEF6100B9148A /* GeneralValues.swift */,
			);
			path = "Support Files";
			sourceTree = "<group>";
		};
		9560C44222B397A900A8F65B /* Cells */ = {
			isa = PBXGroup;
			children = (
				9506CF2C22AD67BB004DAFF5 /* MovieCollectionViewCell.swift */,
				951D54F922B10CBD00BADFE4 /* MovieTableCell.swift */,
				95FEA22222B9339500D81102 /* SavedMovieCell.swift */,
				954D8E2E22B6531800348CB2 /* MovieDetailsCell.swift */,
			);
			path = Cells;
			sourceTree = "<group>";
		};
		A949B96A6CEDDB0C681EA68B /* Frameworks */ = {
			isa = PBXGroup;
			children = (
				AF4D4BB50D288EFBAF2B6551 /* Pods_MovieTime.framework */,
			);
			name = Frameworks;
			sourceTree = "<group>";
		};
/* End PBXGroup section */

/* Begin PBXNativeTarget section */
		9506CF0E22AD66EB004DAFF5 /* MovieTime */ = {
			isa = PBXNativeTarget;
			buildConfigurationList = 9506CF2422AD66EC004DAFF5 /* Build configuration list for PBXNativeTarget "MovieTime" */;
			buildPhases = (
				E271C91E4C9D17B7AD95C94F /* [CP] Check Pods Manifest.lock */,
				9506CF0B22AD66EB004DAFF5 /* Sources */,
				9506CF0C22AD66EB004DAFF5 /* Frameworks */,
				9506CF0D22AD66EB004DAFF5 /* Resources */,
				FFA880D61F4533898DBF4C07 /* [CP] Embed Pods Frameworks */,
			);
			buildRules = (
			);
			dependencies = (
			);
			name = MovieTime;
			productName = MovieTime;
			productReference = 9506CF0F22AD66EB004DAFF5 /* MovieTime.app */;
			productType = "com.apple.product-type.application";
		};
/* End PBXNativeTarget section */

/* Begin PBXProject section */
		9506CF0722AD66EB004DAFF5 /* Project object */ = {
			isa = PBXProject;
			attributes = {
				LastSwiftUpdateCheck = 1020;
				LastUpgradeCheck = 1020;
				ORGANIZATIONNAME = "Nouf Abdullah";
				TargetAttributes = {
					9506CF0E22AD66EB004DAFF5 = {
						CreatedOnToolsVersion = 10.2.1;
					};
				};
			};
			buildConfigurationList = 9506CF0A22AD66EB004DAFF5 /* Build configuration list for PBXProject "MovieTime" */;
			compatibilityVersion = "Xcode 9.3";
			developmentRegion = en;
			hasScannedForEncodings = 0;
			knownRegions = (
				en,
				Base,
			);
			mainGroup = 9506CF0622AD66EB004DAFF5;
			productRefGroup = 9506CF1022AD66EB004DAFF5 /* Products */;
			projectDirPath = "";
			projectRoot = "";
			targets = (
				9506CF0E22AD66EB004DAFF5 /* MovieTime */,
			);
		};
/* End PBXProject section */

/* Begin PBXResourcesBuildPhase section */
		9506CF0D22AD66EB004DAFF5 /* Resources */ = {
			isa = PBXResourcesBuildPhase;
			buildActionMask = 2147483647;
			files = (
				952973A622BCEE9600B9148A /* appConfig.plist in Resources */,
				9506CF2022AD66EC004DAFF5 /* LaunchScreen.storyboard in Resources */,
				9560C44622B4E51B00A8F65B /* Assets.xcassets in Resources */,
				9506CF1822AD66EB004DAFF5 /* Main.storyboard in Resources */,
			);
			runOnlyForDeploymentPostprocessing = 0;
		};
/* End PBXResourcesBuildPhase section */

/* Begin PBXShellScriptBuildPhase section */
		E271C91E4C9D17B7AD95C94F /* [CP] Check Pods Manifest.lock */ = {
			isa = PBXShellScriptBuildPhase;
			buildActionMask = 2147483647;
			files = (
			);
			inputFileListPaths = (
			);
			inputPaths = (
				"${PODS_PODFILE_DIR_PATH}/Podfile.lock",
				"${PODS_ROOT}/Manifest.lock",
			);
			name = "[CP] Check Pods Manifest.lock";
			outputFileListPaths = (
			);
			outputPaths = (
				"$(DERIVED_FILE_DIR)/Pods-MovieTime-checkManifestLockResult.txt",
			);
			runOnlyForDeploymentPostprocessing = 0;
			shellPath = /bin/sh;
			shellScript = "diff \"${PODS_PODFILE_DIR_PATH}/Podfile.lock\" \"${PODS_ROOT}/Manifest.lock\" > /dev/null\nif [ $? != 0 ] ; then\n    # print error to STDERR\n    echo \"error: The sandbox is not in sync with the Podfile.lock. Run 'pod install' or update your CocoaPods installation.\" >&2\n    exit 1\nfi\n# This output is used by Xcode 'outputs' to avoid re-running this script phase.\necho \"SUCCESS\" > \"${SCRIPT_OUTPUT_FILE_0}\"\n";
			showEnvVarsInLog = 0;
		};
		FFA880D61F4533898DBF4C07 /* [CP] Embed Pods Frameworks */ = {
			isa = PBXShellScriptBuildPhase;
			buildActionMask = 2147483647;
			files = (
			);
			inputFileListPaths = (
			);
			inputPaths = (
				"${SRCROOT}/Pods/Target Support Files/Pods-MovieTime/Pods-MovieTime-frameworks.sh",
				"${BUILT_PRODUCTS_DIR}/Alamofire/Alamofire.framework",
				"${BUILT_PRODUCTS_DIR}/AlamofireImage/AlamofireImage.framework",
			);
			name = "[CP] Embed Pods Frameworks";
			outputFileListPaths = (
			);
			outputPaths = (
				"${TARGET_BUILD_DIR}/${FRAMEWORKS_FOLDER_PATH}/Alamofire.framework",
				"${TARGET_BUILD_DIR}/${FRAMEWORKS_FOLDER_PATH}/AlamofireImage.framework",
			);
			runOnlyForDeploymentPostprocessing = 0;
			shellPath = /bin/sh;
			shellScript = "\"${SRCROOT}/Pods/Target Support Files/Pods-MovieTime/Pods-MovieTime-frameworks.sh\"\n";
			showEnvVarsInLog = 0;
		};
/* End PBXShellScriptBuildPhase section */

/* Begin PBXSourcesBuildPhase section */
		9506CF0B22AD66EB004DAFF5 /* Sources */ = {
			isa = PBXSourcesBuildPhase;
			buildActionMask = 2147483647;
			files = (
				951BB22B22AFB6540042CABA /* DummyData.swift in Sources */,
				9560C44122B396B400A8F65B /* UserPreferences.swift in Sources */,
				954D8E2F22B6531800348CB2 /* MovieDetailsCell.swift in Sources */,
				95CAC18B22BCEBF4009C27A9 /* MoviesEntity.swift in Sources */,
				951B449622AFE09D00E6BAE7 /* WatchList.swift in Sources */,
				95FEA22322B9339500D81102 /* SavedMovieCell.swift in Sources */,
				95CAC18922BCEB55009C27A9 /* MovieEntity.swift in Sources */,
				9506CF2F22AD69DF004DAFF5 /* MovieTimeColors.swift in Sources */,
				95FEA22722B934FC00D81102 /* WatchListVC.swift in Sources */,
				951BB22922AFB40B0042CABA /* HelperClass.swift in Sources */,
				951BB22D22AFB7A60042CABA /* StaticDataHelper.swift in Sources */,
				9506CF1522AD66EB004DAFF5 /* DiscoverVC.swift in Sources */,
				952973A422BCED3900B9148A /* webserviceManager.swift in Sources */,
				95FEA22922B9351400D81102 /* FavoriteListVC.swift in Sources */,
				9560C44422B3AC9A00A8F65B /* DiscoverMoreVC.swift in Sources */,
				951D54FA22B10CBD00BADFE4 /* MovieTableCell.swift in Sources */,
				9506CF1322AD66EB004DAFF5 /* AppDelegate.swift in Sources */,
				9506CF3122AD7635004DAFF5 /* Extension.swift in Sources */,
				951B449A22B00CCE00E6BAE7 /* FavoriteList.swift in Sources */,
				951B449C22B016A700E6BAE7 /* SearchMoviesVC.swift in Sources */,
				95FEA22522B933DE00D81102 /* Protocols.swift in Sources */,
				952973A822BCEF6100B9148A /* GeneralValues.swift in Sources */,
				9506CF2D22AD67BB004DAFF5 /* MovieCollectionViewCell.swift in Sources */,
				954D8E2D22B6502600348CB2 /* MovieDetailsVC.swift in Sources */,
				9506CF1B22AD66EB004DAFF5 /* MovieTime.xcdatamodeld in Sources */,
			);
			runOnlyForDeploymentPostprocessing = 0;
		};
/* End PBXSourcesBuildPhase section */

/* Begin PBXVariantGroup section */
		9506CF1622AD66EB004DAFF5 /* Main.storyboard */ = {
			isa = PBXVariantGroup;
			children = (
				9506CF1722AD66EB004DAFF5 /* Base */,
			);
			name = Main.storyboard;
			sourceTree = "<group>";
		};
		9506CF1E22AD66EC004DAFF5 /* LaunchScreen.storyboard */ = {
			isa = PBXVariantGroup;
			children = (
				9506CF1F22AD66EC004DAFF5 /* Base */,
			);
			name = LaunchScreen.storyboard;
			sourceTree = "<group>";
		};
/* End PBXVariantGroup section */

/* Begin XCBuildConfiguration section */
		9506CF2222AD66EC004DAFF5 /* Debug */ = {
			isa = XCBuildConfiguration;
			buildSettings = {
				ALWAYS_SEARCH_USER_PATHS = NO;
				CLANG_ANALYZER_NONNULL = YES;
				CLANG_ANALYZER_NUMBER_OBJECT_CONVERSION = YES_AGGRESSIVE;
				CLANG_CXX_LANGUAGE_STANDARD = "gnu++14";
				CLANG_CXX_LIBRARY = "libc++";
				CLANG_ENABLE_MODULES = YES;
				CLANG_ENABLE_OBJC_ARC = YES;
				CLANG_ENABLE_OBJC_WEAK = YES;
				CLANG_WARN_BLOCK_CAPTURE_AUTORELEASING = YES;
				CLANG_WARN_BOOL_CONVERSION = YES;
				CLANG_WARN_COMMA = YES;
				CLANG_WARN_CONSTANT_CONVERSION = YES;
				CLANG_WARN_DEPRECATED_OBJC_IMPLEMENTATIONS = YES;
				CLANG_WARN_DIRECT_OBJC_ISA_USAGE = YES_ERROR;
				CLANG_WARN_DOCUMENTATION_COMMENTS = YES;
				CLANG_WARN_EMPTY_BODY = YES;
				CLANG_WARN_ENUM_CONVERSION = YES;
				CLANG_WARN_INFINITE_RECURSION = YES;
				CLANG_WARN_INT_CONVERSION = YES;
				CLANG_WARN_NON_LITERAL_NULL_CONVERSION = YES;
				CLANG_WARN_OBJC_IMPLICIT_RETAIN_SELF = YES;
				CLANG_WARN_OBJC_LITERAL_CONVERSION = YES;
				CLANG_WARN_OBJC_ROOT_CLASS = YES_ERROR;
				CLANG_WARN_RANGE_LOOP_ANALYSIS = YES;
				CLANG_WARN_STRICT_PROTOTYPES = YES;
				CLANG_WARN_SUSPICIOUS_MOVE = YES;
				CLANG_WARN_UNGUARDED_AVAILABILITY = YES_AGGRESSIVE;
				CLANG_WARN_UNREACHABLE_CODE = YES;
				CLANG_WARN__DUPLICATE_METHOD_MATCH = YES;
				CODE_SIGN_IDENTITY = "iPhone Developer";
				COPY_PHASE_STRIP = NO;
				DEBUG_INFORMATION_FORMAT = dwarf;
				ENABLE_STRICT_OBJC_MSGSEND = YES;
				ENABLE_TESTABILITY = YES;
				GCC_C_LANGUAGE_STANDARD = gnu11;
				GCC_DYNAMIC_NO_PIC = NO;
				GCC_NO_COMMON_BLOCKS = YES;
				GCC_OPTIMIZATION_LEVEL = 0;
				GCC_PREPROCESSOR_DEFINITIONS = (
					"DEBUG=1",
					"$(inherited)",
				);
				GCC_WARN_64_TO_32_BIT_CONVERSION = YES;
				GCC_WARN_ABOUT_RETURN_TYPE = YES_ERROR;
				GCC_WARN_UNDECLARED_SELECTOR = YES;
				GCC_WARN_UNINITIALIZED_AUTOS = YES_AGGRESSIVE;
				GCC_WARN_UNUSED_FUNCTION = YES;
				GCC_WARN_UNUSED_VARIABLE = YES;
				IPHONEOS_DEPLOYMENT_TARGET = 12.2;
				MTL_ENABLE_DEBUG_INFO = INCLUDE_SOURCE;
				MTL_FAST_MATH = YES;
				ONLY_ACTIVE_ARCH = YES;
				SDKROOT = iphoneos;
				SWIFT_ACTIVE_COMPILATION_CONDITIONS = DEBUG;
				SWIFT_OPTIMIZATION_LEVEL = "-Onone";
			};
			name = Debug;
		};
		9506CF2322AD66EC004DAFF5 /* Release */ = {
			isa = XCBuildConfiguration;
			buildSettings = {
				ALWAYS_SEARCH_USER_PATHS = NO;
				CLANG_ANALYZER_NONNULL = YES;
				CLANG_ANALYZER_NUMBER_OBJECT_CONVERSION = YES_AGGRESSIVE;
				CLANG_CXX_LANGUAGE_STANDARD = "gnu++14";
				CLANG_CXX_LIBRARY = "libc++";
				CLANG_ENABLE_MODULES = YES;
				CLANG_ENABLE_OBJC_ARC = YES;
				CLANG_ENABLE_OBJC_WEAK = YES;
				CLANG_WARN_BLOCK_CAPTURE_AUTORELEASING = YES;
				CLANG_WARN_BOOL_CONVERSION = YES;
				CLANG_WARN_COMMA = YES;
				CLANG_WARN_CONSTANT_CONVERSION = YES;
				CLANG_WARN_DEPRECATED_OBJC_IMPLEMENTATIONS = YES;
				CLANG_WARN_DIRECT_OBJC_ISA_USAGE = YES_ERROR;
				CLANG_WARN_DOCUMENTATION_COMMENTS = YES;
				CLANG_WARN_EMPTY_BODY = YES;
				CLANG_WARN_ENUM_CONVERSION = YES;
				CLANG_WARN_INFINITE_RECURSION = YES;
				CLANG_WARN_INT_CONVERSION = YES;
				CLANG_WARN_NON_LITERAL_NULL_CONVERSION = YES;
				CLANG_WARN_OBJC_IMPLICIT_RETAIN_SELF = YES;
				CLANG_WARN_OBJC_LITERAL_CONVERSION = YES;
				CLANG_WARN_OBJC_ROOT_CLASS = YES_ERROR;
				CLANG_WARN_RANGE_LOOP_ANALYSIS = YES;
				CLANG_WARN_STRICT_PROTOTYPES = YES;
				CLANG_WARN_SUSPICIOUS_MOVE = YES;
				CLANG_WARN_UNGUARDED_AVAILABILITY = YES_AGGRESSIVE;
				CLANG_WARN_UNREACHABLE_CODE = YES;
				CLANG_WARN__DUPLICATE_METHOD_MATCH = YES;
				CODE_SIGN_IDENTITY = "iPhone Developer";
				COPY_PHASE_STRIP = NO;
				DEBUG_INFORMATION_FORMAT = "dwarf-with-dsym";
				ENABLE_NS_ASSERTIONS = NO;
				ENABLE_STRICT_OBJC_MSGSEND = YES;
				GCC_C_LANGUAGE_STANDARD = gnu11;
				GCC_NO_COMMON_BLOCKS = YES;
				GCC_WARN_64_TO_32_BIT_CONVERSION = YES;
				GCC_WARN_ABOUT_RETURN_TYPE = YES_ERROR;
				GCC_WARN_UNDECLARED_SELECTOR = YES;
				GCC_WARN_UNINITIALIZED_AUTOS = YES_AGGRESSIVE;
				GCC_WARN_UNUSED_FUNCTION = YES;
				GCC_WARN_UNUSED_VARIABLE = YES;
				IPHONEOS_DEPLOYMENT_TARGET = 12.2;
				MTL_ENABLE_DEBUG_INFO = NO;
				MTL_FAST_MATH = YES;
				SDKROOT = iphoneos;
				SWIFT_COMPILATION_MODE = wholemodule;
				SWIFT_OPTIMIZATION_LEVEL = "-O";
				VALIDATE_PRODUCT = YES;
			};
			name = Release;
		};
		9506CF2522AD66EC004DAFF5 /* Debug */ = {
			isa = XCBuildConfiguration;
			baseConfigurationReference = FA618096A0AFD002D64D6F07 /* Pods-MovieTime.debug.xcconfig */;
			buildSettings = {
				ASSETCATALOG_COMPILER_APPICON_NAME = AppIcon;
				CODE_SIGN_STYLE = Automatic;
				DEVELOPMENT_TEAM = 4W7N4N9G7A;
				INFOPLIST_FILE = MovieTime/Info.plist;
				IPHONEOS_DEPLOYMENT_TARGET = 12.0;
				LD_RUNPATH_SEARCH_PATHS = (
					"$(inherited)",
					"@executable_path/Frameworks",
				);
				PRODUCT_BUNDLE_IDENTIFIER = App.MovieTime;
				PRODUCT_NAME = "$(TARGET_NAME)";
				SWIFT_VERSION = 5.0;
				TARGETED_DEVICE_FAMILY = "1,2";
			};
			name = Debug;
		};
		9506CF2622AD66EC004DAFF5 /* Release */ = {
			isa = XCBuildConfiguration;
			baseConfigurationReference = F7399BBB81F1A3030E41C697 /* Pods-MovieTime.release.xcconfig */;
			buildSettings = {
				ASSETCATALOG_COMPILER_APPICON_NAME = AppIcon;
				CODE_SIGN_STYLE = Automatic;
				DEVELOPMENT_TEAM = 4W7N4N9G7A;
				INFOPLIST_FILE = MovieTime/Info.plist;
				IPHONEOS_DEPLOYMENT_TARGET = 12.0;
				LD_RUNPATH_SEARCH_PATHS = (
					"$(inherited)",
					"@executable_path/Frameworks",
				);
				PRODUCT_BUNDLE_IDENTIFIER = App.MovieTime;
				PRODUCT_NAME = "$(TARGET_NAME)";
				SWIFT_VERSION = 5.0;
				TARGETED_DEVICE_FAMILY = "1,2";
			};
			name = Release;
		};
/* End XCBuildConfiguration section */

/* Begin XCConfigurationList section */
		9506CF0A22AD66EB004DAFF5 /* Build configuration list for PBXProject "MovieTime" */ = {
			isa = XCConfigurationList;
			buildConfigurations = (
				9506CF2222AD66EC004DAFF5 /* Debug */,
				9506CF2322AD66EC004DAFF5 /* Release */,
			);
			defaultConfigurationIsVisible = 0;
			defaultConfigurationName = Release;
		};
		9506CF2422AD66EC004DAFF5 /* Build configuration list for PBXNativeTarget "MovieTime" */ = {
			isa = XCConfigurationList;
			buildConfigurations = (
				9506CF2522AD66EC004DAFF5 /* Debug */,
				9506CF2622AD66EC004DAFF5 /* Release */,
			);
			defaultConfigurationIsVisible = 0;
			defaultConfigurationName = Release;
		};
/* End XCConfigurationList section */

/* Begin XCVersionGroup section */
		9506CF1922AD66EB004DAFF5 /* MovieTime.xcdatamodeld */ = {
			isa = XCVersionGroup;
			children = (
				9506CF1A22AD66EB004DAFF5 /* MovieTime.xcdatamodel */,
			);
			currentVersion = 9506CF1A22AD66EB004DAFF5 /* MovieTime.xcdatamodel */;
			path = MovieTime.xcdatamodeld;
			sourceTree = "<group>";
			versionGroupType = wrapper.xcdatamodel;
		};
/* End XCVersionGroup section */
	};
	rootObject = 9506CF0722AD66EB004DAFF5 /* Project object */;
}
